
Microsoft Visual Studio Solution File, Format Version 12.00
# Visual Studio Version 16
VisualStudioVersion = 16.0.31005.135
MinimumVisualStudioVersion = 10.0.40219.1
Project("{FAE04EC0-301F-11D3-BF4B-00C04F79EFBC}") = "Asp.NetMvc5_TatilSeyahatSitesi", "Asp.NetMvc5_TatilSeyahatSitesi\Asp.NetMvc5_TatilSeyahatSitesi.csproj", "{C8DDF7AF-7241-4E31-A250-73514098F94C}"
EndProject
Global
	GlobalSection(SolutionConfigurationPlatforms) = preSolution
		Debug|Any CPU = Debug|Any CPU
		Release|Any CPU = Release|Any CPU
	EndGlobalSection
	GlobalSection(ProjectConfigurationPlatforms) = postSolution
		{C8DDF7AF-7241-4E31-A250-73514098F94C}.Debug|Any CPU.ActiveCfg = Debug|Any CPU
		{C8DDF7AF-7241-4E31-A250-73514098F94C}.Debug|Any CPU.Build.0 = Debug|Any CPU
		{C8DDF7AF-7241-4E31-A250-73514098F94C}.Release|Any CPU.ActiveCfg = Release|Any CPU
		{C8DDF7AF-7241-4E31-A250-73514098F94C}.Release|Any CPU.Build.0 = Release|Any CPU
	EndGlobalSection
	GlobalSection(SolutionProperties) = preSolution
		HideSolutionNode = FALSE
	EndGlobalSection
	GlobalSection(ExtensibilityGlobals) = postSolution
		SolutionGuid = {7FE6D185-8B7E-4EB1-AD9C-7E7247C9D154}
	EndGlobalSection
EndGlobal
